// !$*UTF8*$!
{
	archiveVersion = 1;
	classes = {
	};
	objectVersion = 55;
	objects = {

/* Begin PBXBuildFile section */
		010EBBD22808145A003436C6 /* AppDelegate.swift in Sources */ = {isa = PBXBuildFile; fileRef = 010EBBD12808145A003436C6 /* AppDelegate.swift */; };
		010EBBD42808145A003436C6 /* SceneDelegate.swift in Sources */ = {isa = PBXBuildFile; fileRef = 010EBBD32808145A003436C6 /* SceneDelegate.swift */; };
		010EBBD62808145A003436C6 /* ViewController.swift in Sources */ = {isa = PBXBuildFile; fileRef = 010EBBD52808145A003436C6 /* ViewController.swift */; };
		010EBBD92808145A003436C6 /* Main.storyboard in Resources */ = {isa = PBXBuildFile; fileRef = 010EBBD72808145A003436C6 /* Main.storyboard */; };
		010EBBDB2808145B003436C6 /* Assets.xcassets in Resources */ = {isa = PBXBuildFile; fileRef = 010EBBDA2808145B003436C6 /* Assets.xcassets */; };
		010EBBDE2808145B003436C6 /* LaunchScreen.storyboard in Resources */ = {isa = PBXBuildFile; fileRef = 010EBBDC2808145B003436C6 /* LaunchScreen.storyboard */; };
		010EBBE92808171D003436C6 /* SigninViewController.swift in Sources */ = {isa = PBXBuildFile; fileRef = 010EBBE82808171D003436C6 /* SigninViewController.swift */; };
		010EBBEB28081DBC003436C6 /* TabBarController.swift in Sources */ = {isa = PBXBuildFile; fileRef = 010EBBEA28081DBC003436C6 /* TabBarController.swift */; };
		010EBBED28081DDC003436C6 /* CollectionViewController.swift in Sources */ = {isa = PBXBuildFile; fileRef = 010EBBEC28081DDC003436C6 /* CollectionViewController.swift */; };
		010EBBEF28081DEB003436C6 /* ProfileViewController.swift in Sources */ = {isa = PBXBuildFile; fileRef = 010EBBEE28081DEB003436C6 /* ProfileViewController.swift */; };
		010EBBF128081DFB003436C6 /* AddDeleteCoinViewController.swift in Sources */ = {isa = PBXBuildFile; fileRef = 010EBBF028081DFB003436C6 /* AddDeleteCoinViewController.swift */; };
		010EBBF428083D83003436C6 /* FirebaseAuth in Frameworks */ = {isa = PBXBuildFile; productRef = 010EBBF328083D83003436C6 /* FirebaseAuth */; };
		010EBBF628083D83003436C6 /* FirebaseFirestore in Frameworks */ = {isa = PBXBuildFile; productRef = 010EBBF528083D83003436C6 /* FirebaseFirestore */; };
		010EBBFA28083E71003436C6 /* GoogleService-Info.plist in Resources */ = {isa = PBXBuildFile; fileRef = 010EBBF928083E71003436C6 /* GoogleService-Info.plist */; };
		010EBC2128094CA7003436C6 /* Alamofire in Frameworks */ = {isa = PBXBuildFile; productRef = 010EBC2028094CA7003436C6 /* Alamofire */; };
		010EBC2528095480003436C6 /* CoinModel.swift in Sources */ = {isa = PBXBuildFile; fileRef = 010EBC2428095480003436C6 /* CoinModel.swift */; };
		010EBC49280C43C0003436C6 /* CoinListTableViewCell.swift in Sources */ = {isa = PBXBuildFile; fileRef = 010EBC48280C43C0003436C6 /* CoinListTableViewCell.swift */; };
		011C958F2823071B00F160C2 /* Constants.swift in Sources */ = {isa = PBXBuildFile; fileRef = 011C958E2823071B00F160C2 /* Constants.swift */; };
		01CF4F3C2816815200C86268 /* ViewControllerViewModel.swift in Sources */ = {isa = PBXBuildFile; fileRef = 01CF4F3B2816815200C86268 /* ViewControllerViewModel.swift */; };
		01CF4F3E2816816400C86268 /* SigninViewModel.swift in Sources */ = {isa = PBXBuildFile; fileRef = 01CF4F3D2816816400C86268 /* SigninViewModel.swift */; };
		01CF4F402816817700C86268 /* TabBarContollerViewModel.swift in Sources */ = {isa = PBXBuildFile; fileRef = 01CF4F3F2816817700C86268 /* TabBarContollerViewModel.swift */; };
		01CF4F422816819400C86268 /* CollectionViewModel.swift in Sources */ = {isa = PBXBuildFile; fileRef = 01CF4F412816819400C86268 /* CollectionViewModel.swift */; };
		01CF4F44281681A500C86268 /* ProfileViewModel.swift in Sources */ = {isa = PBXBuildFile; fileRef = 01CF4F43281681A500C86268 /* ProfileViewModel.swift */; };
		01CF4F46281681B500C86268 /* AddDeleteViewModel.swift in Sources */ = {isa = PBXBuildFile; fileRef = 01CF4F45281681B500C86268 /* AddDeleteViewModel.swift */; };
		01CF4F482816A68F00C86268 /* AddPopupViewModel.swift in Sources */ = {isa = PBXBuildFile; fileRef = 01CF4F472816A68E00C86268 /* AddPopupViewModel.swift */; };
		01CF4F4D28173FFD00C86268 /* Service.swift in Sources */ = {isa = PBXBuildFile; fileRef = 01CF4F4C28173FFD00C86268 /* Service.swift */; };
		01CF4F4F281892F400C86268 /* FirestoreService.swift in Sources */ = {isa = PBXBuildFile; fileRef = 01CF4F4E281892F300C86268 /* FirestoreService.swift */; };
		01E290B7280E98CE004C3143 /* AddDeleteTableViewPopUpViewController.swift in Sources */ = {isa = PBXBuildFile; fileRef = 01E290B6280E98CE004C3143 /* AddDeleteTableViewPopUpViewController.swift */; };
		01E2911A280F282F004C3143 /* FirebaseFirestore in Frameworks */ = {isa = PBXBuildFile; productRef = 01E29119280F282F004C3143 /* FirebaseFirestore */; };
		01E2911C280F5873004C3143 /* PostModel.swift in Sources */ = {isa = PBXBuildFile; fileRef = 01E2911B280F5873004C3143 /* PostModel.swift */; };
		01E291202810883E004C3143 /* CollectionTableViewCell.swift in Sources */ = {isa = PBXBuildFile; fileRef = 01E2911F2810883E004C3143 /* CollectionTableViewCell.swift */; };
/* End PBXBuildFile section */

/* Begin PBXFileReference section */
		010EBBCE2808145A003436C6 /* Coin Portfolio.app */ = {isa = PBXFileReference; explicitFileType = wrapper.application; includeInIndex = 0; path = "Coin Portfolio.app"; sourceTree = BUILT_PRODUCTS_DIR; };
		010EBBD12808145A003436C6 /* AppDelegate.swift */ = {isa = PBXFileReference; lastKnownFileType = sourcecode.swift; path = AppDelegate.swift; sourceTree = "<group>"; };
		010EBBD32808145A003436C6 /* SceneDelegate.swift */ = {isa = PBXFileReference; lastKnownFileType = sourcecode.swift; path = SceneDelegate.swift; sourceTree = "<group>"; };
		010EBBD52808145A003436C6 /* ViewController.swift */ = {isa = PBXFileReference; lastKnownFileType = sourcecode.swift; path = ViewController.swift; sourceTree = "<group>"; };
		010EBBD82808145A003436C6 /* Base */ = {isa = PBXFileReference; lastKnownFileType = file.storyboard; name = Base; path = Base.lproj/Main.storyboard; sourceTree = "<group>"; };
		010EBBDA2808145B003436C6 /* Assets.xcassets */ = {isa = PBXFileReference; lastKnownFileType = folder.assetcatalog; path = Assets.xcassets; sourceTree = "<group>"; };
		010EBBDD2808145B003436C6 /* Base */ = {isa = PBXFileReference; lastKnownFileType = file.storyboard; name = Base; path = Base.lproj/LaunchScreen.storyboard; sourceTree = "<group>"; };
		010EBBDF2808145B003436C6 /* Info.plist */ = {isa = PBXFileReference; lastKnownFileType = text.plist.xml; path = Info.plist; sourceTree = "<group>"; };
		010EBBE82808171D003436C6 /* SigninViewController.swift */ = {isa = PBXFileReference; lastKnownFileType = sourcecode.swift; path = SigninViewController.swift; sourceTree = "<group>"; };
		010EBBEA28081DBC003436C6 /* TabBarController.swift */ = {isa = PBXFileReference; lastKnownFileType = sourcecode.swift; path = TabBarController.swift; sourceTree = "<group>"; };
		010EBBEC28081DDC003436C6 /* CollectionViewController.swift */ = {isa = PBXFileReference; lastKnownFileType = sourcecode.swift; path = CollectionViewController.swift; sourceTree = "<group>"; };
		010EBBEE28081DEB003436C6 /* ProfileViewController.swift */ = {isa = PBXFileReference; lastKnownFileType = sourcecode.swift; path = ProfileViewController.swift; sourceTree = "<group>"; };
		010EBBF028081DFB003436C6 /* AddDeleteCoinViewController.swift */ = {isa = PBXFileReference; lastKnownFileType = sourcecode.swift; path = AddDeleteCoinViewController.swift; sourceTree = "<group>"; };
		010EBBF928083E71003436C6 /* GoogleService-Info.plist */ = {isa = PBXFileReference; fileEncoding = 4; lastKnownFileType = text.plist.xml; path = "GoogleService-Info.plist"; sourceTree = "<group>"; };
		010EBC2428095480003436C6 /* CoinModel.swift */ = {isa = PBXFileReference; lastKnownFileType = sourcecode.swift; path = CoinModel.swift; sourceTree = "<group>"; };
		010EBC48280C43C0003436C6 /* CoinListTableViewCell.swift */ = {isa = PBXFileReference; lastKnownFileType = sourcecode.swift; path = CoinListTableViewCell.swift; sourceTree = "<group>"; };
		011C958E2823071B00F160C2 /* Constants.swift */ = {isa = PBXFileReference; lastKnownFileType = sourcecode.swift; path = Constants.swift; sourceTree = "<group>"; };
		01CF4F3B2816815200C86268 /* ViewControllerViewModel.swift */ = {isa = PBXFileReference; lastKnownFileType = sourcecode.swift; path = ViewControllerViewModel.swift; sourceTree = "<group>"; };
		01CF4F3D2816816400C86268 /* SigninViewModel.swift */ = {isa = PBXFileReference; lastKnownFileType = sourcecode.swift; path = SigninViewModel.swift; sourceTree = "<group>"; };
		01CF4F3F2816817700C86268 /* TabBarContollerViewModel.swift */ = {isa = PBXFileReference; lastKnownFileType = sourcecode.swift; path = TabBarContollerViewModel.swift; sourceTree = "<group>"; };
		01CF4F412816819400C86268 /* CollectionViewModel.swift */ = {isa = PBXFileReference; lastKnownFileType = sourcecode.swift; path = CollectionViewModel.swift; sourceTree = "<group>"; };
		01CF4F43281681A500C86268 /* ProfileViewModel.swift */ = {isa = PBXFileReference; lastKnownFileType = sourcecode.swift; path = ProfileViewModel.swift; sourceTree = "<group>"; };
		01CF4F45281681B500C86268 /* AddDeleteViewModel.swift */ = {isa = PBXFileReference; lastKnownFileType = sourcecode.swift; path = AddDeleteViewModel.swift; sourceTree = "<group>"; };
		01CF4F472816A68E00C86268 /* AddPopupViewModel.swift */ = {isa = PBXFileReference; lastKnownFileType = sourcecode.swift; path = AddPopupViewModel.swift; sourceTree = "<group>"; };
		01CF4F4C28173FFD00C86268 /* Service.swift */ = {isa = PBXFileReference; lastKnownFileType = sourcecode.swift; path = Service.swift; sourceTree = "<group>"; };
		01CF4F4E281892F300C86268 /* FirestoreService.swift */ = {isa = PBXFileReference; lastKnownFileType = sourcecode.swift; path = FirestoreService.swift; sourceTree = "<group>"; };
		01E290B6280E98CE004C3143 /* AddDeleteTableViewPopUpViewController.swift */ = {isa = PBXFileReference; lastKnownFileType = sourcecode.swift; path = AddDeleteTableViewPopUpViewController.swift; sourceTree = "<group>"; };
		01E2911B280F5873004C3143 /* PostModel.swift */ = {isa = PBXFileReference; lastKnownFileType = sourcecode.swift; path = PostModel.swift; sourceTree = "<group>"; };
		01E2911F2810883E004C3143 /* CollectionTableViewCell.swift */ = {isa = PBXFileReference; lastKnownFileType = sourcecode.swift; path = CollectionTableViewCell.swift; sourceTree = "<group>"; };
/* End PBXFileReference section */

/* Begin PBXFrameworksBuildPhase section */
		010EBBCB2808145A003436C6 /* Frameworks */ = {
			isa = PBXFrameworksBuildPhase;
			buildActionMask = 2147483647;
			files = (
				010EBC2128094CA7003436C6 /* Alamofire in Frameworks */,
				01E2911A280F282F004C3143 /* FirebaseFirestore in Frameworks */,
				010EBBF428083D83003436C6 /* FirebaseAuth in Frameworks */,
				010EBBF628083D83003436C6 /* FirebaseFirestore in Frameworks */,
			);
			runOnlyForDeploymentPostprocessing = 0;
		};
/* End PBXFrameworksBuildPhase section */

/* Begin PBXGroup section */
		010EBBC52808145A003436C6 = {
			isa = PBXGroup;
			children = (
				01CF4F4B28173FF200C86268 /* Service */,
				010EBBD02808145A003436C6 /* Coin Portfolio */,
				010EBBCF2808145A003436C6 /* Products */,
			);
			sourceTree = "<group>";
		};
		010EBBCF2808145A003436C6 /* Products */ = {
			isa = PBXGroup;
			children = (
				010EBBCE2808145A003436C6 /* Coin Portfolio.app */,
			);
			name = Products;
			sourceTree = "<group>";
		};
		010EBBD02808145A003436C6 /* Coin Portfolio */ = {
			isa = PBXGroup;
			children = (
				010EBBD12808145A003436C6 /* AppDelegate.swift */,
				010EBBD32808145A003436C6 /* SceneDelegate.swift */,
				010EBBE728081632003436C6 /* Model */,
				01CF4F3A281680FD00C86268 /* View Model */,
				010EBBE528081611003436C6 /* View */,
				010EBBDA2808145B003436C6 /* Assets.xcassets */,
				010EBBF928083E71003436C6 /* GoogleService-Info.plist */,
				011C958E2823071B00F160C2 /* Constants.swift */,
				010EBBDC2808145B003436C6 /* LaunchScreen.storyboard */,
				010EBBDF2808145B003436C6 /* Info.plist */,
			);
			path = "Coin Portfolio";
			sourceTree = "<group>";
		};
		010EBBE528081611003436C6 /* View */ = {
			isa = PBXGroup;
			children = (
				010EBC48280C43C0003436C6 /* CoinListTableViewCell.swift */,
				01E2911F2810883E004C3143 /* CollectionTableViewCell.swift */,
				010EBBD72808145A003436C6 /* Main.storyboard */,
				010EBBD52808145A003436C6 /* ViewController.swift */,
				010EBBE82808171D003436C6 /* SigninViewController.swift */,
				010EBBEA28081DBC003436C6 /* TabBarController.swift */,
				010EBBEC28081DDC003436C6 /* CollectionViewController.swift */,
				010EBBEE28081DEB003436C6 /* ProfileViewController.swift */,
				010EBBF028081DFB003436C6 /* AddDeleteCoinViewController.swift */,
				01E290B6280E98CE004C3143 /* AddDeleteTableViewPopUpViewController.swift */,
			);
			path = View;
			sourceTree = "<group>";
		};
		010EBBE728081632003436C6 /* Model */ = {
			isa = PBXGroup;
			children = (
				010EBC2428095480003436C6 /* CoinModel.swift */,
				01E2911B280F5873004C3143 /* PostModel.swift */,
			);
			path = Model;
			sourceTree = "<group>";
		};
		01CF4F3A281680FD00C86268 /* View Model */ = {
			isa = PBXGroup;
			children = (
				01CF4F3B2816815200C86268 /* ViewControllerViewModel.swift */,
				01CF4F3D2816816400C86268 /* SigninViewModel.swift */,
				01CF4F3F2816817700C86268 /* TabBarContollerViewModel.swift */,
				01CF4F412816819400C86268 /* CollectionViewModel.swift */,
				01CF4F43281681A500C86268 /* ProfileViewModel.swift */,
				01CF4F45281681B500C86268 /* AddDeleteViewModel.swift */,
				01CF4F472816A68E00C86268 /* AddPopupViewModel.swift */,
			);
			path = "View Model";
			sourceTree = "<group>";
		};
		01CF4F4B28173FF200C86268 /* Service */ = {
			isa = PBXGroup;
			children = (
				01CF4F4C28173FFD00C86268 /* Service.swift */,
				01CF4F4E281892F300C86268 /* FirestoreService.swift */,
			);
			path = Service;
			sourceTree = "<group>";
		};
/* End PBXGroup section */

/* Begin PBXNativeTarget section */
		010EBBCD2808145A003436C6 /* Coin Portfolio */ = {
			isa = PBXNativeTarget;
			buildConfigurationList = 010EBBE22808145B003436C6 /* Build configuration list for PBXNativeTarget "Coin Portfolio" */;
			buildPhases = (
				010EBBCA2808145A003436C6 /* Sources */,
				010EBBCB2808145A003436C6 /* Frameworks */,
				010EBBCC2808145A003436C6 /* Resources */,
			);
			buildRules = (
			);
			dependencies = (
			);
			name = "Coin Portfolio";
			packageProductDependencies = (
				010EBBF328083D83003436C6 /* FirebaseAuth */,
				010EBBF528083D83003436C6 /* FirebaseFirestore */,
				010EBC2028094CA7003436C6 /* Alamofire */,
				01E29119280F282F004C3143 /* FirebaseFirestore */,
			);
			productName = "Coin Portfolio";
			productReference = 010EBBCE2808145A003436C6 /* Coin Portfolio.app */;
			productType = "com.apple.product-type.application";
		};
/* End PBXNativeTarget section */

/* Begin PBXProject section */
		010EBBC62808145A003436C6 /* Project object */ = {
			isa = PBXProject;
			attributes = {
				BuildIndependentTargetsInParallel = 1;
				LastSwiftUpdateCheck = 1330;
				LastUpgradeCheck = 1330;
				TargetAttributes = {
					010EBBCD2808145A003436C6 = {
						CreatedOnToolsVersion = 13.3;
					};
				};
			};
			buildConfigurationList = 010EBBC92808145A003436C6 /* Build configuration list for PBXProject "Coin Portfolio" */;
			compatibilityVersion = "Xcode 13.0";
			developmentRegion = en;
			hasScannedForEncodings = 0;
			knownRegions = (
				en,
				Base,
			);
			mainGroup = 010EBBC52808145A003436C6;
			packageReferences = (
				010EBBF228083D83003436C6 /* XCRemoteSwiftPackageReference "firebase-ios-sdk" */,
				010EBC1F28094CA7003436C6 /* XCRemoteSwiftPackageReference "Alamofire" */,
			);
			productRefGroup = 010EBBCF2808145A003436C6 /* Products */;
			projectDirPath = "";
			projectRoot = "";
			targets = (
				010EBBCD2808145A003436C6 /* Coin Portfolio */,
			);
		};
/* End PBXProject section */

/* Begin PBXResourcesBuildPhase section */
		010EBBCC2808145A003436C6 /* Resources */ = {
			isa = PBXResourcesBuildPhase;
			buildActionMask = 2147483647;
			files = (
				010EBBDE2808145B003436C6 /* LaunchScreen.storyboard in Resources */,
				010EBBFA28083E71003436C6 /* GoogleService-Info.plist in Resources */,
				010EBBDB2808145B003436C6 /* Assets.xcassets in Resources */,
				010EBBD92808145A003436C6 /* Main.storyboard in Resources */,
			);
			runOnlyForDeploymentPostprocessing = 0;
		};
/* End PBXResourcesBuildPhase section */

/* Begin PBXSourcesBuildPhase section */
		010EBBCA2808145A003436C6 /* Sources */ = {
			isa = PBXSourcesBuildPhase;
			buildActionMask = 2147483647;
			files = (
				01CF4F422816819400C86268 /* CollectionViewModel.swift in Sources */,
				010EBC2528095480003436C6 /* CoinModel.swift in Sources */,
				01E2911C280F5873004C3143 /* PostModel.swift in Sources */,
				01CF4F4F281892F400C86268 /* FirestoreService.swift in Sources */,
				010EBBF128081DFB003436C6 /* AddDeleteCoinViewController.swift in Sources */,
				01CF4F402816817700C86268 /* TabBarContollerViewModel.swift in Sources */,
				011C958F2823071B00F160C2 /* Constants.swift in Sources */,
				010EBBED28081DDC003436C6 /* CollectionViewController.swift in Sources */,
				01E290B7280E98CE004C3143 /* AddDeleteTableViewPopUpViewController.swift in Sources */,
				01CF4F3C2816815200C86268 /* ViewControllerViewModel.swift in Sources */,
				01CF4F4D28173FFD00C86268 /* Service.swift in Sources */,
				010EBBE92808171D003436C6 /* SigninViewController.swift in Sources */,
				010EBBD62808145A003436C6 /* ViewController.swift in Sources */,
				010EBBD22808145A003436C6 /* AppDelegate.swift in Sources */,
				01CF4F46281681B500C86268 /* AddDeleteViewModel.swift in Sources */,
				010EBC49280C43C0003436C6 /* CoinListTableViewCell.swift in Sources */,
				01CF4F44281681A500C86268 /* ProfileViewModel.swift in Sources */,
				010EBBEF28081DEB003436C6 /* ProfileViewController.swift in Sources */,
				010EBBEB28081DBC003436C6 /* TabBarController.swift in Sources */,
				01CF4F3E2816816400C86268 /* SigninViewModel.swift in Sources */,
				01E291202810883E004C3143 /* CollectionTableViewCell.swift in Sources */,
				010EBBD42808145A003436C6 /* SceneDelegate.swift in Sources */,
				01CF4F482816A68F00C86268 /* AddPopupViewModel.swift in Sources */,
			);
			runOnlyForDeploymentPostprocessing = 0;
		};
/* End PBXSourcesBuildPhase section */

/* Begin PBXVariantGroup section */
		010EBBD72808145A003436C6 /* Main.storyboard */ = {
			isa = PBXVariantGroup;
			children = (
				010EBBD82808145A003436C6 /* Base */,
			);
			name = Main.storyboard;
			sourceTree = "<group>";
		};
		010EBBDC2808145B003436C6 /* LaunchScreen.storyboard */ = {
			isa = PBXVariantGroup;
			children = (
				010EBBDD2808145B003436C6 /* Base */,
			);
			name = LaunchScreen.storyboard;
			sourceTree = "<group>";
		};
/* End PBXVariantGroup section */

/* Begin XCBuildConfiguration section */
		010EBBE02808145B003436C6 /* Debug */ = {
			isa = XCBuildConfiguration;
			buildSettings = {
				ALWAYS_SEARCH_USER_PATHS = NO;
				CLANG_ANALYZER_NONNULL = YES;
				CLANG_ANALYZER_NUMBER_OBJECT_CONVERSION = YES_AGGRESSIVE;
				CLANG_CXX_LANGUAGE_STANDARD = "gnu++17";
				CLANG_ENABLE_MODULES = YES;
				CLANG_ENABLE_OBJC_ARC = YES;
				CLANG_ENABLE_OBJC_WEAK = YES;
				CLANG_WARN_BLOCK_CAPTURE_AUTORELEASING = YES;
				CLANG_WARN_BOOL_CONVERSION = YES;
				CLANG_WARN_COMMA = YES;
				CLANG_WARN_CONSTANT_CONVERSION = YES;
				CLANG_WARN_DEPRECATED_OBJC_IMPLEMENTATIONS = YES;
				CLANG_WARN_DIRECT_OBJC_ISA_USAGE = YES_ERROR;
				CLANG_WARN_DOCUMENTATION_COMMENTS = YES;
				CLANG_WARN_EMPTY_BODY = YES;
				CLANG_WARN_ENUM_CONVERSION = YES;
				CLANG_WARN_INFINITE_RECURSION = YES;
				CLANG_WARN_INT_CONVERSION = YES;
				CLANG_WARN_NON_LITERAL_NULL_CONVERSION = YES;
				CLANG_WARN_OBJC_IMPLICIT_RETAIN_SELF = YES;
				CLANG_WARN_OBJC_LITERAL_CONVERSION = YES;
				CLANG_WARN_OBJC_ROOT_CLASS = YES_ERROR;
				CLANG_WARN_QUOTED_INCLUDE_IN_FRAMEWORK_HEADER = YES;
				CLANG_WARN_RANGE_LOOP_ANALYSIS = YES;
				CLANG_WARN_STRICT_PROTOTYPES = YES;
				CLANG_WARN_SUSPICIOUS_MOVE = YES;
				CLANG_WARN_UNGUARDED_AVAILABILITY = YES_AGGRESSIVE;
				CLANG_WARN_UNREACHABLE_CODE = YES;
				CLANG_WARN__DUPLICATE_METHOD_MATCH = YES;
				COPY_PHASE_STRIP = NO;
				DEBUG_INFORMATION_FORMAT = dwarf;
				ENABLE_STRICT_OBJC_MSGSEND = YES;
				ENABLE_TESTABILITY = YES;
				GCC_C_LANGUAGE_STANDARD = gnu11;
				GCC_DYNAMIC_NO_PIC = NO;
				GCC_NO_COMMON_BLOCKS = YES;
				GCC_OPTIMIZATION_LEVEL = 0;
				GCC_PREPROCESSOR_DEFINITIONS = (
					"DEBUG=1",
					"$(inherited)",
				);
				GCC_WARN_64_TO_32_BIT_CONVERSION = YES;
				GCC_WARN_ABOUT_RETURN_TYPE = YES_ERROR;
				GCC_WARN_UNDECLARED_SELECTOR = YES;
				GCC_WARN_UNINITIALIZED_AUTOS = YES_AGGRESSIVE;
				GCC_WARN_UNUSED_FUNCTION = YES;
				GCC_WARN_UNUSED_VARIABLE = YES;
				IPHONEOS_DEPLOYMENT_TARGET = 15.4;
				MTL_ENABLE_DEBUG_INFO = INCLUDE_SOURCE;
				MTL_FAST_MATH = YES;
				ONLY_ACTIVE_ARCH = YES;
				SDKROOT = iphoneos;
				SWIFT_ACTIVE_COMPILATION_CONDITIONS = DEBUG;
				SWIFT_OPTIMIZATION_LEVEL = "-Onone";
			};
			name = Debug;
		};
		010EBBE12808145B003436C6 /* Release */ = {
			isa = XCBuildConfiguration;
			buildSettings = {
				ALWAYS_SEARCH_USER_PATHS = NO;
				CLANG_ANALYZER_NONNULL = YES;
				CLANG_ANALYZER_NUMBER_OBJECT_CONVERSION = YES_AGGRESSIVE;
				CLANG_CXX_LANGUAGE_STANDARD = "gnu++17";
				CLANG_ENABLE_MODULES = YES;
				CLANG_ENABLE_OBJC_ARC = YES;
				CLANG_ENABLE_OBJC_WEAK = YES;
				CLANG_WARN_BLOCK_CAPTURE_AUTORELEASING = YES;
				CLANG_WARN_BOOL_CONVERSION = YES;
				CLANG_WARN_COMMA = YES;
				CLANG_WARN_CONSTANT_CONVERSION = YES;
				CLANG_WARN_DEPRECATED_OBJC_IMPLEMENTATIONS = YES;
				CLANG_WARN_DIRECT_OBJC_ISA_USAGE = YES_ERROR;
				CLANG_WARN_DOCUMENTATION_COMMENTS = YES;
				CLANG_WARN_EMPTY_BODY = YES;
				CLANG_WARN_ENUM_CONVERSION = YES;
				CLANG_WARN_INFINITE_RECURSION = YES;
				CLANG_WARN_INT_CONVERSION = YES;
				CLANG_WARN_NON_LITERAL_NULL_CONVERSION = YES;
				CLANG_WARN_OBJC_IMPLICIT_RETAIN_SELF = YES;
				CLANG_WARN_OBJC_LITERAL_CONVERSION = YES;
				CLANG_WARN_OBJC_ROOT_CLASS = YES_ERROR;
				CLANG_WARN_QUOTED_INCLUDE_IN_FRAMEWORK_HEADER = YES;
				CLANG_WARN_RANGE_LOOP_ANALYSIS = YES;
				CLANG_WARN_STRICT_PROTOTYPES = YES;
				CLANG_WARN_SUSPICIOUS_MOVE = YES;
				CLANG_WARN_UNGUARDED_AVAILABILITY = YES_AGGRESSIVE;
				CLANG_WARN_UNREACHABLE_CODE = YES;
				CLANG_WARN__DUPLICATE_METHOD_MATCH = YES;
				COPY_PHASE_STRIP = NO;
				DEBUG_INFORMATION_FORMAT = "dwarf-with-dsym";
				ENABLE_NS_ASSERTIONS = NO;
				ENABLE_STRICT_OBJC_MSGSEND = YES;
				GCC_C_LANGUAGE_STANDARD = gnu11;
				GCC_NO_COMMON_BLOCKS = YES;
				GCC_WARN_64_TO_32_BIT_CONVERSION = YES;
				GCC_WARN_ABOUT_RETURN_TYPE = YES_ERROR;
				GCC_WARN_UNDECLARED_SELECTOR = YES;
				GCC_WARN_UNINITIALIZED_AUTOS = YES_AGGRESSIVE;
				GCC_WARN_UNUSED_FUNCTION = YES;
				GCC_WARN_UNUSED_VARIABLE = YES;
				IPHONEOS_DEPLOYMENT_TARGET = 15.4;
				MTL_ENABLE_DEBUG_INFO = NO;
				MTL_FAST_MATH = YES;
				SDKROOT = iphoneos;
				SWIFT_COMPILATION_MODE = wholemodule;
				SWIFT_OPTIMIZATION_LEVEL = "-O";
				VALIDATE_PRODUCT = YES;
			};
			name = Release;
		};
		010EBBE32808145B003436C6 /* Debug */ = {
			isa = XCBuildConfiguration;
			buildSettings = {
				ASSETCATALOG_COMPILER_APPICON_NAME = AppIcon;
				ASSETCATALOG_COMPILER_GLOBAL_ACCENT_COLOR_NAME = AccentColor;
				CODE_SIGN_STYLE = Automatic;
				CURRENT_PROJECT_VERSION = 1;
				DEVELOPMENT_TEAM = XSY7H53P5K;
				GENERATE_INFOPLIST_FILE = YES;
				INFOPLIST_FILE = "Coin Portfolio/Info.plist";
				INFOPLIST_KEY_UIApplicationSupportsIndirectInputEvents = YES;
				INFOPLIST_KEY_UILaunchStoryboardName = LaunchScreen;
				INFOPLIST_KEY_UIMainStoryboardFile = Main;
				INFOPLIST_KEY_UISupportedInterfaceOrientations_iPad = "UIInterfaceOrientationPortrait UIInterfaceOrientationPortraitUpsideDown UIInterfaceOrientationLandscapeLeft UIInterfaceOrientationLandscapeRight";
				INFOPLIST_KEY_UISupportedInterfaceOrientations_iPhone = "UIInterfaceOrientationPortrait UIInterfaceOrientationLandscapeLeft UIInterfaceOrientationLandscapeRight";
				LD_RUNPATH_SEARCH_PATHS = (
					"$(inherited)",
					"@executable_path/Frameworks",
				);
				MARKETING_VERSION = 1.0;
				PRODUCT_BUNDLE_IDENTIFIER = "CanerCagri.Coin-Portfolio";
				PRODUCT_NAME = "$(TARGET_NAME)";
				SWIFT_EMIT_LOC_STRINGS = YES;
				SWIFT_VERSION = 5.0;
				TARGETED_DEVICE_FAMILY = "1,2";
			};
			name = Debug;
		};
		010EBBE42808145B003436C6 /* Release */ = {
			isa = XCBuildConfiguration;
			buildSettings = {
				ASSETCATALOG_COMPILER_APPICON_NAME = AppIcon;
				ASSETCATALOG_COMPILER_GLOBAL_ACCENT_COLOR_NAME = AccentColor;
				CODE_SIGN_STYLE = Automatic;
				CURRENT_PROJECT_VERSION = 1;
				DEVELOPMENT_TEAM = XSY7H53P5K;
				GENERATE_INFOPLIST_FILE = YES;
				INFOPLIST_FILE = "Coin Portfolio/Info.plist";
				INFOPLIST_KEY_UIApplicationSupportsIndirectInputEvents = YES;
				INFOPLIST_KEY_UILaunchStoryboardName = LaunchScreen;
				INFOPLIST_KEY_UIMainStoryboardFile = Main;
				INFOPLIST_KEY_UISupportedInterfaceOrientations_iPad = "UIInterfaceOrientationPortrait UIInterfaceOrientationPortraitUpsideDown UIInterfaceOrientationLandscapeLeft UIInterfaceOrientationLandscapeRight";
				INFOPLIST_KEY_UISupportedInterfaceOrientations_iPhone = "UIInterfaceOrientationPortrait UIInterfaceOrientationLandscapeLeft UIInterfaceOrientationLandscapeRight";
				LD_RUNPATH_SEARCH_PATHS = (
					"$(inherited)",
					"@executable_path/Frameworks",
				);
				MARKETING_VERSION = 1.0;
				PRODUCT_BUNDLE_IDENTIFIER = "CanerCagri.Coin-Portfolio";
				PRODUCT_NAME = "$(TARGET_NAME)";
				SWIFT_EMIT_LOC_STRINGS = YES;
				SWIFT_VERSION = 5.0;
				TARGETED_DEVICE_FAMILY = "1,2";
			};
			name = Release;
		};
/* End XCBuildConfiguration section */

/* Begin XCConfigurationList section */
		010EBBC92808145A003436C6 /* Build configuration list for PBXProject "Coin Portfolio" */ = {
			isa = XCConfigurationList;
			buildConfigurations = (
				010EBBE02808145B003436C6 /* Debug */,
				010EBBE12808145B003436C6 /* Release */,
			);
			defaultConfigurationIsVisible = 0;
			defaultConfigurationName = Release;
		};
		010EBBE22808145B003436C6 /* Build configuration list for PBXNativeTarget "Coin Portfolio" */ = {
			isa = XCConfigurationList;
			buildConfigurations = (
				010EBBE32808145B003436C6 /* Debug */,
				010EBBE42808145B003436C6 /* Release */,
			);
			defaultConfigurationIsVisible = 0;
			defaultConfigurationName = Release;
		};
/* End XCConfigurationList section */

/* Begin XCRemoteSwiftPackageReference section */
		010EBBF228083D83003436C6 /* XCRemoteSwiftPackageReference "firebase-ios-sdk" */ = {
			isa = XCRemoteSwiftPackageReference;
			repositoryURL = "https://github.com/firebase/firebase-ios-sdk";
			requirement = {
				kind = upToNextMajorVersion;
				minimumVersion = 8.0.0;
			};
		};
		010EBC1F28094CA7003436C6 /* XCRemoteSwiftPackageReference "Alamofire" */ = {
			isa = XCRemoteSwiftPackageReference;
			repositoryURL = "https://github.com/Alamofire/Alamofire";
			requirement = {
				kind = upToNextMajorVersion;
				minimumVersion = 5.0.0;
			};
		};
/* End XCRemoteSwiftPackageReference section */

/* Begin XCSwiftPackageProductDependency section */
		010EBBF328083D83003436C6 /* FirebaseAuth */ = {
			isa = XCSwiftPackageProductDependency;
			package = 010EBBF228083D83003436C6 /* XCRemoteSwiftPackageReference "firebase-ios-sdk" */;
			productName = FirebaseAuth;
		};
		010EBBF528083D83003436C6 /* FirebaseFirestore */ = {
			isa = XCSwiftPackageProductDependency;
			package = 010EBBF228083D83003436C6 /* XCRemoteSwiftPackageReference "firebase-ios-sdk" */;
			productName = FirebaseFirestore;
		};
		010EBC2028094CA7003436C6 /* Alamofire */ = {
			isa = XCSwiftPackageProductDependency;
			package = 010EBC1F28094CA7003436C6 /* XCRemoteSwiftPackageReference "Alamofire" */;
			productName = Alamofire;
		};
		01E29119280F282F004C3143 /* FirebaseFirestore */ = {
			isa = XCSwiftPackageProductDependency;
			package = 010EBBF228083D83003436C6 /* XCRemoteSwiftPackageReference "firebase-ios-sdk" */;
			productName = FirebaseFirestore;
		};
/* End XCSwiftPackageProductDependency section */
	};
	rootObject = 010EBBC62808145A003436C6 /* Project object */;
}
